
Microsoft Visual Studio Solution File, Format Version 12.00
# Visual Studio Version 17
VisualStudioVersion = 17.0.31912.275
MinimumVisualStudioVersion = 10.0.40219.1
Project("{9A19103F-16F7-4668-BE54-9A1E7A4F7556}") = "ConnpassAutomatorForWinForm", "ConnpassAutomatorForWinForm\ConnpassAutomatorForWinForm.csproj", "{F462BCF8-9C8A-4872-929F-71DB5F0478BD}"
EndProject
Project("{9A19103F-16F7-4668-BE54-9A1E7A4F7556}") = "ConnpassAutomator", "ConnpassAutomator\ConnpassAutomator.csproj", "{AA87B3E3-3CB3-45A8-B5BA-ECE7E1E7F7B5}"
EndProject
Project("{9A19103F-16F7-4668-BE54-9A1E7A4F7556}") = "ConnpassAutomatorTest", "ConnpassAutomatorTest\ConnpassAutomatorTest.csproj", "{F56699E8-1D81-42B3-A363-B63AD3A3377C}"
EndProject
Global
	GlobalSection(SolutionConfigurationPlatforms) = preSolution
		Debug|Any CPU = Debug|Any CPU
		Release|Any CPU = Release|Any CPU
	EndGlobalSection
	GlobalSection(ProjectConfigurationPlatforms) = postSolution
		{F462BCF8-9C8A-4872-929F-71DB5F0478BD}.Debug|Any CPU.ActiveCfg = Debug|Any CPU
		{F462BCF8-9C8A-4872-929F-71DB5F0478BD}.Debug|Any CPU.Build.0 = Debug|Any CPU
		{F462BCF8-9C8A-4872-929F-71DB5F0478BD}.Release|Any CPU.ActiveCfg = Release|Any CPU
		{F462BCF8-9C8A-4872-929F-71DB5F0478BD}.Release|Any CPU.Build.0 = Release|Any CPU
		{AA87B3E3-3CB3-45A8-B5BA-ECE7E1E7F7B5}.Debug|Any CPU.ActiveCfg = Debug|Any CPU
		{AA87B3E3-3CB3-45A8-B5BA-ECE7E1E7F7B5}.Debug|Any CPU.Build.0 = Debug|Any CPU
		{AA87B3E3-3CB3-45A8-B5BA-ECE7E1E7F7B5}.Release|Any CPU.ActiveCfg = Release|Any CPU
		{AA87B3E3-3CB3-45A8-B5BA-ECE7E1E7F7B5}.Release|Any CPU.Build.0 = Release|Any CPU
		{F56699E8-1D81-42B3-A363-B63AD3A3377C}.Debug|Any CPU.ActiveCfg = Debug|Any CPU
		{F56699E8-1D81-42B3-A363-B63AD3A3377C}.Debug|Any CPU.Build.0 = Debug|Any CPU
		{F56699E8-1D81-42B3-A363-B63AD3A3377C}.Release|Any CPU.ActiveCfg = Release|Any CPU
		{F56699E8-1D81-42B3-A363-B63AD3A3377C}.Release|Any CPU.Build.0 = Release|Any CPU
	EndGlobalSection
	GlobalSection(SolutionProperties) = preSolution
		HideSolutionNode = FALSE
	EndGlobalSection
	GlobalSection(ExtensibilityGlobals) = postSolution
		SolutionGuid = {DF6B1F50-EC96-4160-BF70-40FB891B14B5}
	EndGlobalSection
EndGlobal
